
Microsoft Visual Studio Solution File, Format Version 12.00
# Visual Studio 14
VisualStudioVersion = 14.0.25420.1
MinimumVisualStudioVersion = 10.0.40219.1
Project("{FAE04EC0-301F-11D3-BF4B-00C04F79EFBC}") = "ToolsGenGkode", "ToolsGenGkode.csproj", "{795986AB-8359-474C-A09B-9CFC6D6E663A}"
	ProjectSection(ProjectDependencies) = postProject
		{C0FAF524-72E4-46F7-8C1B-A6B74DEC5EBE} = {C0FAF524-72E4-46F7-8C1B-A6B74DEC5EBE}
		{631AC093-430F-45F4-BA0C-AF0F0405918A} = {631AC093-430F-45F4-BA0C-AF0F0405918A}
		{C6A8B9AE-0749-41C7-8FF9-02C156696F45} = {C6A8B9AE-0749-41C7-8FF9-02C156696F45}
		{A2E425BE-D7A9-4CFF-B7BF-D97AD47B9EBE} = {A2E425BE-D7A9-4CFF-B7BF-D97AD47B9EBE}
		{0374C9F1-8508-421C-82A7-8D5DADB2B49A} = {0374C9F1-8508-421C-82A7-8D5DADB2B49A}
	EndProjectSection
EndProject
Project("{FAE04EC0-301F-11D3-BF4B-00C04F79EFBC}") = "DXFLib", "DXFLib\DXFLib.csproj", "{476FA4C4-FA1D-4A2A-985B-8CBF50F82251}"
EndProject
Project("{FAE04EC0-301F-11D3-BF4B-00C04F79EFBC}") = "MultiLanguage", "..\..\..\0062_CSharpLIBRARY\MultiLanguage\MultiLanguage\MultiLanguage.csproj", "{A2E425BE-D7A9-4CFF-B7BF-D97AD47B9EBE}"
EndProject
Project("{FAE04EC0-301F-11D3-BF4B-00C04F79EFBC}") = "ELW.Library.Math", "MathLib\ELW.Library.Math\ELW.Library.Math.csproj", "{0374C9F1-8508-421C-82A7-8D5DADB2B49A}"
EndProject
Project("{FAE04EC0-301F-11D3-BF4B-00C04F79EFBC}") = "Imaging", "AForgeNetLib\Imaging\Imaging.csproj", "{C6A8B9AE-0749-41C7-8FF9-02C156696F45}"
	ProjectSection(ProjectDependencies) = postProject
		{631AC093-430F-45F4-BA0C-AF0F0405918A} = {631AC093-430F-45F4-BA0C-AF0F0405918A}
	EndProjectSection
EndProject
Project("{FAE04EC0-301F-11D3-BF4B-00C04F79EFBC}") = "Core", "AForgeNetLib\Core\Core.csproj", "{631AC093-430F-45F4-BA0C-AF0F0405918A}"
EndProject
Project("{FAE04EC0-301F-11D3-BF4B-00C04F79EFBC}") = "Math", "AForgeNetLib\Math\Math.csproj", "{C0FAF524-72E4-46F7-8C1B-A6B74DEC5EBE}"
EndProject
Global
	GlobalSection(SolutionConfigurationPlatforms) = preSolution
		Debug|Any CPU = Debug|Any CPU
		Release|Any CPU = Release|Any CPU
	EndGlobalSection
	GlobalSection(ProjectConfigurationPlatforms) = postSolution
		{795986AB-8359-474C-A09B-9CFC6D6E663A}.Debug|Any CPU.ActiveCfg = Debug|Any CPU
		{795986AB-8359-474C-A09B-9CFC6D6E663A}.Debug|Any CPU.Build.0 = Debug|Any CPU
		{795986AB-8359-474C-A09B-9CFC6D6E663A}.Release|Any CPU.ActiveCfg = Release|Any CPU
		{795986AB-8359-474C-A09B-9CFC6D6E663A}.Release|Any CPU.Build.0 = Release|Any CPU
		{476FA4C4-FA1D-4A2A-985B-8CBF50F82251}.Debug|Any CPU.ActiveCfg = Debug|Any CPU
		{476FA4C4-FA1D-4A2A-985B-8CBF50F82251}.Debug|Any CPU.Build.0 = Debug|Any CPU
		{476FA4C4-FA1D-4A2A-985B-8CBF50F82251}.Release|Any CPU.ActiveCfg = Release|Any CPU
		{476FA4C4-FA1D-4A2A-985B-8CBF50F82251}.Release|Any CPU.Build.0 = Release|Any CPU
		{A2E425BE-D7A9-4CFF-B7BF-D97AD47B9EBE}.Debug|Any CPU.ActiveCfg = Debug|Any CPU
		{A2E425BE-D7A9-4CFF-B7BF-D97AD47B9EBE}.Debug|Any CPU.Build.0 = Debug|Any CPU
		{A2E425BE-D7A9-4CFF-B7BF-D97AD47B9EBE}.Release|Any CPU.ActiveCfg = Release|Any CPU
		{A2E425BE-D7A9-4CFF-B7BF-D97AD47B9EBE}.Release|Any CPU.Build.0 = Release|Any CPU
		{0374C9F1-8508-421C-82A7-8D5DADB2B49A}.Debug|Any CPU.ActiveCfg = Debug|Any CPU
		{0374C9F1-8508-421C-82A7-8D5DADB2B49A}.Debug|Any CPU.Build.0 = Debug|Any CPU
		{0374C9F1-8508-421C-82A7-8D5DADB2B49A}.Release|Any CPU.ActiveCfg = Release|Any CPU
		{0374C9F1-8508-421C-82A7-8D5DADB2B49A}.Release|Any CPU.Build.0 = Release|Any CPU
		{C6A8B9AE-0749-41C7-8FF9-02C156696F45}.Debug|Any CPU.ActiveCfg = Debug|Any CPU
		{C6A8B9AE-0749-41C7-8FF9-02C156696F45}.Debug|Any CPU.Build.0 = Debug|Any CPU
		{C6A8B9AE-0749-41C7-8FF9-02C156696F45}.Release|Any CPU.ActiveCfg = Release|Any CPU
		{C6A8B9AE-0749-41C7-8FF9-02C156696F45}.Release|Any CPU.Build.0 = Release|Any CPU
		{631AC093-430F-45F4-BA0C-AF0F0405918A}.Debug|Any CPU.ActiveCfg = Debug|Any CPU
		{631AC093-430F-45F4-BA0C-AF0F0405918A}.Debug|Any CPU.Build.0 = Debug|Any CPU
		{631AC093-430F-45F4-BA0C-AF0F0405918A}.Release|Any CPU.ActiveCfg = Release|Any CPU
		{631AC093-430F-45F4-BA0C-AF0F0405918A}.Release|Any CPU.Build.0 = Release|Any CPU
		{C0FAF524-72E4-46F7-8C1B-A6B74DEC5EBE}.Debug|Any CPU.ActiveCfg = Debug|Any CPU
		{C0FAF524-72E4-46F7-8C1B-A6B74DEC5EBE}.Debug|Any CPU.Build.0 = Debug|Any CPU
		{C0FAF524-72E4-46F7-8C1B-A6B74DEC5EBE}.Release|Any CPU.ActiveCfg = Release|Any CPU
		{C0FAF524-72E4-46F7-8C1B-A6B74DEC5EBE}.Release|Any CPU.Build.0 = Release|Any CPU
	EndGlobalSection
	GlobalSection(SolutionProperties) = preSolution
		HideSolutionNode = FALSE
	EndGlobalSection
EndGlobal
